
Microsoft Visual Studio Solution File, Format Version 12.00
# Visual Studio Version 16
VisualStudioVersion = 16.0.31402.337
MinimumVisualStudioVersion = 10.0.40219.1
Project("{FAE04EC0-301F-11D3-BF4B-00C04F79EFBC}") = "WindowsFormsApp9", "WindowsFormsApp9\WindowsFormsApp9.csproj", "{688A6264-D54B-4508-A279-4A4BFF0350E0}"
EndProject
Global
	GlobalSection(SolutionConfigurationPlatforms) = preSolution
		Debug|Any CPU = Debug|Any CPU
		Release|Any CPU = Release|Any CPU
	EndGlobalSection
	GlobalSection(ProjectConfigurationPlatforms) = postSolution
		{688A6264-D54B-4508-A279-4A4BFF0350E0}.Debug|Any CPU.ActiveCfg = Debug|Any CPU
		{688A6264-D54B-4508-A279-4A4BFF0350E0}.Debug|Any CPU.Build.0 = Debug|Any CPU
		{688A6264-D54B-4508-A279-4A4BFF0350E0}.Release|Any CPU.ActiveCfg = Release|Any CPU
		{688A6264-D54B-4508-A279-4A4BFF0350E0}.Release|Any CPU.Build.0 = Release|Any CPU
	EndGlobalSection
	GlobalSection(SolutionProperties) = preSolution
		HideSolutionNode = FALSE
	EndGlobalSection
	GlobalSection(ExtensibilityGlobals) = postSolution
		SolutionGuid = {303D9DB8-E908-4953-9435-54FACD543F59}
	EndGlobalSection
EndGlobal
