
Microsoft Visual Studio Solution File, Format Version 12.00
# Visual Studio Version 17
VisualStudioVersion = 17.1.32210.238
MinimumVisualStudioVersion = 10.0.40219.1
Project("{9A19103F-16F7-4668-BE54-9A1E7A4F7556}") = "StrongBlog", "StrongBlog\StrongBlog.csproj", "{A6D44DE7-4443-4F51-9585-B83D1CC08BEB}"
EndProject
Project("{9A19103F-16F7-4668-BE54-9A1E7A4F7556}") = "BlogDbLibrary", "StoreDbLibrary\BlogDbLibrary.csproj", "{DD44964D-A2D3-4D60-AFDC-5113B702CF07}"
EndProject
Global
	GlobalSection(SolutionConfigurationPlatforms) = preSolution
		Debug|Any CPU = Debug|Any CPU
		Release|Any CPU = Release|Any CPU
	EndGlobalSection
	GlobalSection(ProjectConfigurationPlatforms) = postSolution
		{A6D44DE7-4443-4F51-9585-B83D1CC08BEB}.Debug|Any CPU.ActiveCfg = Debug|Any CPU
		{A6D44DE7-4443-4F51-9585-B83D1CC08BEB}.Debug|Any CPU.Build.0 = Debug|Any CPU
		{A6D44DE7-4443-4F51-9585-B83D1CC08BEB}.Release|Any CPU.ActiveCfg = Release|Any CPU
		{A6D44DE7-4443-4F51-9585-B83D1CC08BEB}.Release|Any CPU.Build.0 = Release|Any CPU
		{DD44964D-A2D3-4D60-AFDC-5113B702CF07}.Debug|Any CPU.ActiveCfg = Debug|Any CPU
		{DD44964D-A2D3-4D60-AFDC-5113B702CF07}.Debug|Any CPU.Build.0 = Debug|Any CPU
		{DD44964D-A2D3-4D60-AFDC-5113B702CF07}.Release|Any CPU.ActiveCfg = Release|Any CPU
		{DD44964D-A2D3-4D60-AFDC-5113B702CF07}.Release|Any CPU.Build.0 = Release|Any CPU
	EndGlobalSection
	GlobalSection(SolutionProperties) = preSolution
		HideSolutionNode = FALSE
	EndGlobalSection
	GlobalSection(ExtensibilityGlobals) = postSolution
		SolutionGuid = {530AD222-5C8B-41D5-A5ED-74DCD1D6CBCC}
	EndGlobalSection
EndGlobal
