
Microsoft Visual Studio Solution File, Format Version 12.00
# Visual Studio Version 17
VisualStudioVersion = 17.1.32210.238
MinimumVisualStudioVersion = 10.0.40219.1
Project("{FAE04EC0-301F-11D3-BF4B-00C04F79EFBC}") = "StoreDbLibrary", "StoreDbLibrary\StoreDbLibrary.csproj", "{238ACD7D-BEC5-452B-9BA3-84E7D081D515}"
EndProject
Project("{FAE04EC0-301F-11D3-BF4B-00C04F79EFBC}") = "StrongStoreHandyControlUI", "StrongStoreHandyControlUI\StrongStoreHandyControlUI.csproj", "{6AB5A266-DF2D-451B-81EC-9B9606B74EF4}"
EndProject
Global
	GlobalSection(SolutionConfigurationPlatforms) = preSolution
		Debug|Any CPU = Debug|Any CPU
		Release|Any CPU = Release|Any CPU
	EndGlobalSection
	GlobalSection(ProjectConfigurationPlatforms) = postSolution
		{238ACD7D-BEC5-452B-9BA3-84E7D081D515}.Debug|Any CPU.ActiveCfg = Debug|Any CPU
		{238ACD7D-BEC5-452B-9BA3-84E7D081D515}.Debug|Any CPU.Build.0 = Debug|Any CPU
		{238ACD7D-BEC5-452B-9BA3-84E7D081D515}.Release|Any CPU.ActiveCfg = Release|Any CPU
		{238ACD7D-BEC5-452B-9BA3-84E7D081D515}.Release|Any CPU.Build.0 = Release|Any CPU
		{6AB5A266-DF2D-451B-81EC-9B9606B74EF4}.Debug|Any CPU.ActiveCfg = Debug|Any CPU
		{6AB5A266-DF2D-451B-81EC-9B9606B74EF4}.Debug|Any CPU.Build.0 = Debug|Any CPU
		{6AB5A266-DF2D-451B-81EC-9B9606B74EF4}.Release|Any CPU.ActiveCfg = Release|Any CPU
		{6AB5A266-DF2D-451B-81EC-9B9606B74EF4}.Release|Any CPU.Build.0 = Release|Any CPU
	EndGlobalSection
	GlobalSection(SolutionProperties) = preSolution
		HideSolutionNode = FALSE
	EndGlobalSection
	GlobalSection(ExtensibilityGlobals) = postSolution
		SolutionGuid = {7CF0C202-C9E1-42C3-8253-DF2E3BF7B5E3}
	EndGlobalSection
EndGlobal
