
Microsoft Visual Studio Solution File, Format Version 12.00
# Visual Studio Version 17
VisualStudioVersion = 17.2.32526.322
MinimumVisualStudioVersion = 10.0.40219.1
Project("{FAE04EC0-301F-11D3-BF4B-00C04F79EFBC}") = "BookFinder", "BookFinder\BookFinder.csproj", "{8A7ED2B3-25C4-4D74-9E2F-4FFA4992BEBB}"
EndProject
Global
	GlobalSection(SolutionConfigurationPlatforms) = preSolution
		Debug|Any CPU = Debug|Any CPU
		Release|Any CPU = Release|Any CPU
	EndGlobalSection
	GlobalSection(ProjectConfigurationPlatforms) = postSolution
		{8A7ED2B3-25C4-4D74-9E2F-4FFA4992BEBB}.Debug|Any CPU.ActiveCfg = Debug|Any CPU
		{8A7ED2B3-25C4-4D74-9E2F-4FFA4992BEBB}.Debug|Any CPU.Build.0 = Debug|Any CPU
		{8A7ED2B3-25C4-4D74-9E2F-4FFA4992BEBB}.Release|Any CPU.ActiveCfg = Release|Any CPU
		{8A7ED2B3-25C4-4D74-9E2F-4FFA4992BEBB}.Release|Any CPU.Build.0 = Release|Any CPU
	EndGlobalSection
	GlobalSection(SolutionProperties) = preSolution
		HideSolutionNode = FALSE
	EndGlobalSection
	GlobalSection(ExtensibilityGlobals) = postSolution
		SolutionGuid = {78DA0F7E-6CCD-48DA-A899-A37B6358C10D}
	EndGlobalSection
EndGlobal
